# This file was autogenerated by Stack.
# You should not edit this file by hand.
# For more information, please see the documentation at:
#   https://docs.haskellstack.org/en/stable/lock_files

packages:
- completed:
    hackage: catalyst-0.0.0.1@sha256:a313d125b4f322a47439914f472dc2f07ec47ef02efa5a6154fb97dfad2fcd33,1548
    pantry-tree:
      sha256: 91ecf4f6ab3eb3e02a81ae77d735ed2983b063d37e4b2cd0a067c2c97f839342
      size: 681
  original:
    hackage: catalyst-0.0.0.1
- completed:
    hackage: vector-sized-1.5.0@sha256:1c85b70dbfe6fbdcc58d2706c626e6e38d1900276bbb6f1ba6cfee83941f45e6,1836
    pantry-tree:
      sha256: 026c260a2c1c6b2deab166dcbeb8888eb284d7e9e73ab837d88d530933929588
      size: 1302
  original:
    hackage: vector-sized-1.5.0
- completed:
    hackage: graphviz-2999.20.1.0@sha256:023942db07ae923d654fb093614ab07ee0fb82eb4c7bc39daf26fd611cb7559b,7935
    pantry-tree:
      sha256: b4a85a4953b077816c3da4e37c35c3d33bcd99c5ea8996cb8aa740615a0ae98c
      size: 4322
  original:
    hackage: graphviz-2999.20.1.0
- completed:
    hackage: text-2.0.2@sha256:71b5fa8c64d3c1fd0a08f993463220867b08290a2256e94b0952bf0e8f5a45cc,9905
    pantry-tree:
      sha256: 25f3b6dd211e30f9e0ef5047bb9f30df7a9296cf1043873e31558196dfe78676
      size: 7514
  original:
    hackage: text-2.0.2
- completed:
    hackage: ghc-typelits-natnormalise-0.7.9@sha256:e1f86fe0d866a6f2783a77a133a81edfcb04556fae016efa663ba914632afe17,3788
    pantry-tree:
      sha256: f7212001a9dde1acdb154d570c8afa7b4d3b8ab096fc354059977c1a957ff8f9
      size: 701
  original:
    hackage: ghc-typelits-natnormalise-0.7.9
snapshots:
- completed:
    sha256: 5921ddc75f5dd3f197fbc32e1e5676895a8e7b971d4f82ef6b556657801dd18a
    size: 640054
    url: https://raw.githubusercontent.com/commercialhaskell/stackage-snapshots/master/lts/21/20.yaml
  original:
    url: https://raw.githubusercontent.com/commercialhaskell/stackage-snapshots/master/lts/21/20.yaml
